
Microsoft Visual Studio Solution File, Format Version 12.00
# Visual Studio Version 17
VisualStudioVersion = 17.4.33205.214
MinimumVisualStudioVersion = 10.0.40219.1
Project("{FAE04EC0-301F-11D3-BF4B-00C04F79EFBC}") = "AutoCSharpEmptier", "AutoCSharpEmptier\AutoCSharpEmptier.csproj", "{58CC4A7D-8A48-4D36-A014-F23B640C5A32}"
EndProject
Global
	GlobalSection(SolutionConfigurationPlatforms) = preSolution
		Debug|Any CPU = Debug|Any CPU
		Release|Any CPU = Release|Any CPU
	EndGlobalSection
	GlobalSection(ProjectConfigurationPlatforms) = postSolution
		{58CC4A7D-8A48-4D36-A014-F23B640C5A32}.Debug|Any CPU.ActiveCfg = Debug|Any CPU
		{58CC4A7D-8A48-4D36-A014-F23B640C5A32}.Debug|Any CPU.Build.0 = Debug|Any CPU
		{58CC4A7D-8A48-4D36-A014-F23B640C5A32}.Release|Any CPU.ActiveCfg = Release|Any CPU
		{58CC4A7D-8A48-4D36-A014-F23B640C5A32}.Release|Any CPU.Build.0 = Release|Any CPU
	EndGlobalSection
	GlobalSection(SolutionProperties) = preSolution
		HideSolutionNode = FALSE
	EndGlobalSection
	GlobalSection(ExtensibilityGlobals) = postSolution
		SolutionGuid = {AD403558-3BCB-4249-94C1-2AE681580394}
	EndGlobalSection
EndGlobal
